{
  "name": "Python_Testing",
  "lockfileVersion": 3,
  "requires": true,
  "packages": {
    "": {
      "devDependencies": {
        "daisyui": "^5.1.27",
        "tailwindcss": "^4.1.14"
      }
    },
    "node_modules/daisyui": {
      "version": "5.1.27",
      "resolved": "https://registry.npmjs.org/daisyui/-/daisyui-5.1.27.tgz",
      "integrity": "sha512-oCC2RwjrGRPTeEpaXoNmYydzVfSRdyJCthFsi/Q5PErAvaoD8kDarxlW+wiPAx2WmM8W8lXvyAHJUqjObCMWOQ==",
      "dev": true,
      "license": "MIT",
      "funding": {
        "url": "https://github.com/saadeghi/daisyui?sponsor=1"
      }
    },
    "node_modules/tailwindcss": {
      "version": "4.1.14",
      "resolved": "https://registry.npmjs.org/tailwindcss/-/tailwindcss-4.1.14.tgz",
      "integrity": "sha512-b7pCxjGO98LnxVkKjaZSDeNuljC4ueKUddjENJOADtubtdo8llTaJy7HwBMeLNSSo2N5QIAgklslK1+Ir8r6CA==",
      "dev": true,
      "license": "MIT"
    }
  }
}
